
Microsoft Visual Studio Solution File, Format Version 12.00
# Visual Studio Version 16
VisualStudioVersion = 16.0.29001.49
MinimumVisualStudioVersion = 10.0.40219.1
Project("{FAE04EC0-301F-11D3-BF4B-00C04F79EFBC}") = "InterfazDinamico", "InterfazDinamico\InterfazDinamico.csproj", "{B5692318-DC91-4EE8-BE32-D0DD8EF2E379}"
EndProject
Global
	GlobalSection(SolutionConfigurationPlatforms) = preSolution
		Debug|Any CPU = Debug|Any CPU
		Release|Any CPU = Release|Any CPU
	EndGlobalSection
	GlobalSection(ProjectConfigurationPlatforms) = postSolution
		{B5692318-DC91-4EE8-BE32-D0DD8EF2E379}.Debug|Any CPU.ActiveCfg = Debug|Any CPU
		{B5692318-DC91-4EE8-BE32-D0DD8EF2E379}.Debug|Any CPU.Build.0 = Debug|Any CPU
		{B5692318-DC91-4EE8-BE32-D0DD8EF2E379}.Release|Any CPU.ActiveCfg = Release|Any CPU
		{B5692318-DC91-4EE8-BE32-D0DD8EF2E379}.Release|Any CPU.Build.0 = Release|Any CPU
	EndGlobalSection
	GlobalSection(SolutionProperties) = preSolution
		HideSolutionNode = FALSE
	EndGlobalSection
	GlobalSection(ExtensibilityGlobals) = postSolution
		SolutionGuid = {3EDAA673-12A0-4AA6-BAD7-702523A6592F}
	EndGlobalSection
EndGlobal
